# THIS IS AN AUTOGENERATED FILE. DO NOT EDIT THIS FILE DIRECTLY.
# yarn lockfile v1


"@algolia/cache-browser-local-storage@4.12.2":
  version "4.12.2"
  resolved "https://registry.yarnpkg.com/@algolia/cache-browser-local-storage/-/cache-browser-local-storage-4.12.2.tgz#62935ddb81b50d539111b2146fa340495ec1cd53"
  integrity sha512-z8LjFsQc0B6h6LEE3pkUGM4ErVktn6bkFbhnYbTccjmFVQ+wXFJd/D63e0WtaC+hwRB1xq8uKhkz9oojEKEsGA==
  dependencies:
    "@algolia/cache-common" "4.12.2"

"@algolia/cache-common@4.12.2":
  version "4.12.2"
  resolved "https://registry.yarnpkg.com/@algolia/cache-common/-/cache-common-4.12.2.tgz#8512f311524f4d0aae8611e9879214a5e2a577ae"
  integrity sha512-r//r7MF0Na0HxD2BHnjWsDKuI72Z5UEf/Rb/8MC08XKBsjCwBihGxWxycjRcNGjNEIxJBsvRMIEOipcd9qD54g==

"@algolia/cache-in-memory@4.12.2":
  version "4.12.2"
  resolved "https://registry.yarnpkg.com/@algolia/cache-in-memory/-/cache-in-memory-4.12.2.tgz#cacd13c02a7826bfad1c391d012ce00bc5db3859"
  integrity sha512-opWpbBUloP1fcTG3wBDnAfcoyNXW5GFDgGtLXrSANdfnelPKkr3O8j01ZTkRlPIuBDR0izGZG8MVWMDlTf71Bw==
  dependencies:
    "@algolia/cache-common" "4.12.2"

"@algolia/client-account@4.12.2":
  version "4.12.2"
  resolved "https://registry.yarnpkg.com/@algolia/client-account/-/client-account-4.12.2.tgz#adc4833b78576d1558ba45b7d44be22747debdc9"
  integrity sha512-HZqEyeVVjzOlfoSUyc+7+ueEJmRgqSuC+hqQOGECYa5JVno4d8eRVuDAMOb87I2LOdg/WoFMcAtaaRq2gpfV/w==
  dependencies:
    "@algolia/client-common" "4.12.2"
    "@algolia/client-search" "4.12.2"
    "@algolia/transporter" "4.12.2"

"@algolia/client-analytics@4.12.2":
  version "4.12.2"
  resolved "https://registry.yarnpkg.com/@algolia/client-analytics/-/client-analytics-4.12.2.tgz#741115db1af7db9526acdd702890480480dc09ce"
  integrity sha512-7ktimzesu+vk3l+eG9w/nQh6/9AoIieCKmoiRIguKh6okGsaSBrcTHvUwIQEIiliqPuAFBk2M8eXYFqOZzwCZw==
  dependencies:
    "@algolia/client-common" "4.12.2"
    "@algolia/client-search" "4.12.2"
    "@algolia/requester-common" "4.12.2"
    "@algolia/transporter" "4.12.2"

"@algolia/client-common@4.12.2":
  version "4.12.2"
  resolved "https://registry.yarnpkg.com/@algolia/client-common/-/client-common-4.12.2.tgz#88ffd3ddececdc5f343a4a9cb1f6c4058fe780c1"
  integrity sha512-+dTicT1lklwOpeoiDspUoRSQYHhrr2IzllrX89/WuTPEBm2eww1xurqrSTQYC0MuVeX1s9/i4k34Q0ZnspypWg==
  dependencies:
    "@algolia/requester-common" "4.12.2"
    "@algolia/transporter" "4.12.2"

"@algolia/client-personalization@4.12.2":
  version "4.12.2"
  resolved "https://registry.yarnpkg.com/@algolia/client-personalization/-/client-personalization-4.12.2.tgz#5aa1d2a4bbc64559a98bb6d029dda59dbc86e490"
  integrity sha512-JBW3vYFGIm5sAAy3cLUdmUCpmSAdreo5S1fERg7xgF6KyxGrwyy5BViTNWrOKG+av2yusk1wKydOYJ1Fbpbaxw==
  dependencies:
    "@algolia/client-common" "4.12.2"
    "@algolia/requester-common" "4.12.2"
    "@algolia/transporter" "4.12.2"

"@algolia/client-search@4.12.2":
  version "4.12.2"
  resolved "https://registry.yarnpkg.com/@algolia/client-search/-/client-search-4.12.2.tgz#940dd07ae4fa7aa86e382ecaf0a82445010b1b4c"
  integrity sha512-JIqi14TgfEqAooNbSPBC1ZCk3Pnviqlaz9KofAqWBxSRTpPUFnU/XQCU5ihR0PC68SFVDnU/Y9cak/XotXPUeg==
  dependencies:
    "@algolia/client-common" "4.12.2"
    "@algolia/requester-common" "4.12.2"
    "@algolia/transporter" "4.12.2"

"@algolia/events@^4.0.1":
  version "4.0.1"
  resolved "https://registry.yarnpkg.com/@algolia/events/-/events-4.0.1.tgz#fd39e7477e7bc703d7f893b556f676c032af3950"
  integrity sha512-FQzvOCgoFXAbf5Y6mYozw2aj5KCJoA3m4heImceldzPSMbdyS4atVjJzXKMsfX3wnZTFYwkkt8/z8UesLHlSBQ==

"@algolia/logger-common@4.12.2":
  version "4.12.2"
  resolved "https://registry.yarnpkg.com/@algolia/logger-common/-/logger-common-4.12.2.tgz#cdc9a685d7cf356a4d9e5915f741f1ee1a6baade"
  integrity sha512-iOiJAymLjq137G7+8EQuUEkrgta0cZGMg6scp8s4hJ+X6k+6By4nyptdkCWYwKLsW/Xy927QcIhGlkWV78vQIQ==

"@algolia/logger-console@4.12.2":
  version "4.12.2"
  resolved "https://registry.yarnpkg.com/@algolia/logger-console/-/logger-console-4.12.2.tgz#d7348e41378fbab5413cb5f97d8ae2ff378cfdb8"
  integrity sha512-veuQZyTSqHoHJtr9mLMnYeal9Mee6hCie4eqY+645VbeOrgT9p/kCMbKg5GLJGoLPlXGu7C0XpHyUj5k7/NQyw==
  dependencies:
    "@algolia/logger-common" "4.12.2"

"@algolia/requester-browser-xhr@4.12.2":
  version "4.12.2"
  resolved "https://registry.yarnpkg.com/@algolia/requester-browser-xhr/-/requester-browser-xhr-4.12.2.tgz#abfcb1901602ccdf51879b10d914208b776aa418"
  integrity sha512-FpFdHNd81tS3zj6Glqd+lt+RV0ljPExKtx+QB+gani6HWZ9YlSCM+Zl82T4ibxN+hmkrMeAyT+TMzS0jiGhGyQ==
  dependencies:
    "@algolia/requester-common" "4.12.2"

"@algolia/requester-common@4.12.2":
  version "4.12.2"
  resolved "https://registry.yarnpkg.com/@algolia/requester-common/-/requester-common-4.12.2.tgz#6d6181fb961205695bf535e108d2e5be8f8c9047"
  integrity sha512-4szj/lvDQf/u8EyyRBBRZD1ZkKDyLBbckLj7meQDlnbfwnW1UpLwpB2l3XJ9wDmDSftGxUCeTl5oMFe4z9OEvQ==

"@algolia/requester-node-http@4.12.2":
  version "4.12.2"
  resolved "https://registry.yarnpkg.com/@algolia/requester-node-http/-/requester-node-http-4.12.2.tgz#f91e749ee6854c944cc741f13c539dff23363f67"
  integrity sha512-UXfJNZt2KMwjBjiOa3cJ/PyoXWZa/F1vy6rdyG4xQeZDcLbqKP3O2b+bOJcGPmFbmdwBhtAyMVLt+hvAvAVfOw==
  dependencies:
    "@algolia/requester-common" "4.12.2"

"@algolia/transporter@4.12.2":
  version "4.12.2"
  resolved "https://registry.yarnpkg.com/@algolia/transporter/-/transporter-4.12.2.tgz#60189b626b170f3386deb1d7a0a1e70ed8156864"
  integrity sha512-PUq79if4CukXsm27ymTQ3eD3juSvMcyJmt6mxCkSFE0zQRL4ert61HBlNH6S9y/quUVe3g7oggfHq3d5pdpqZA==
  dependencies:
    "@algolia/cache-common" "4.12.2"
    "@algolia/logger-common" "4.12.2"
    "@algolia/requester-common" "4.12.2"

"@babel/runtime@^7.1.2":
  version "7.11.2"
  resolved "https://registry.yarnpkg.com/@babel/runtime/-/runtime-7.11.2.tgz#f549c13c754cc40b87644b9fa9f09a6a95fe0736"
  integrity sha512-TeWkU52so0mPtDcaCTxNBI/IHiz0pZgr8VEFqXFtZWpYD08ZB6FaSwVAS8MKRQAP3bYKiVjwysOJgMFY28o6Tw==
  dependencies:
    regenerator-runtime "^0.13.4"

"@next/env@12.1.0":
  version "12.1.0"
  resolved "https://registry.yarnpkg.com/@next/env/-/env-12.1.0.tgz#73713399399b34aa5a01771fb73272b55b22c314"
  integrity sha512-nrIgY6t17FQ9xxwH3jj0a6EOiQ/WDHUos35Hghtr+SWN/ntHIQ7UpuvSi0vaLzZVHQWaDupKI+liO5vANcDeTQ==

"@next/swc-android-arm64@12.1.0":
  version "12.1.0"
  resolved "https://registry.yarnpkg.com/@next/swc-android-arm64/-/swc-android-arm64-12.1.0.tgz#865ba3a9afc204ff2bdeea49dd64d58705007a39"
  integrity sha512-/280MLdZe0W03stA69iL+v6I+J1ascrQ6FrXBlXGCsGzrfMaGr7fskMa0T5AhQIVQD4nA/46QQWxG//DYuFBcA==

"@next/swc-darwin-arm64@12.1.0":
  version "12.1.0"
  resolved "https://registry.yarnpkg.com/@next/swc-darwin-arm64/-/swc-darwin-arm64-12.1.0.tgz#08e8b411b8accd095009ed12efbc2f1d4d547135"
  integrity sha512-R8vcXE2/iONJ1Unf5Ptqjk6LRW3bggH+8drNkkzH4FLEQkHtELhvcmJwkXcuipyQCsIakldAXhRbZmm3YN1vXg==

"@next/swc-darwin-x64@12.1.0":
  version "12.1.0"
  resolved "https://registry.yarnpkg.com/@next/swc-darwin-x64/-/swc-darwin-x64-12.1.0.tgz#fcd684497a76e8feaca88db3c394480ff0b007cd"
  integrity sha512-ieAz0/J0PhmbZBB8+EA/JGdhRHBogF8BWaeqR7hwveb6SYEIJaDNQy0I+ZN8gF8hLj63bEDxJAs/cEhdnTq+ug==

"@next/swc-linux-arm-gnueabihf@12.1.0":
  version "12.1.0"
  resolved "https://registry.yarnpkg.com/@next/swc-linux-arm-gnueabihf/-/swc-linux-arm-gnueabihf-12.1.0.tgz#9ec6380a27938a5799aaa6035c205b3c478468a7"
  integrity sha512-njUd9hpl6o6A5d08dC0cKAgXKCzm5fFtgGe6i0eko8IAdtAPbtHxtpre3VeSxdZvuGFh+hb0REySQP9T1ttkog==

"@next/swc-linux-arm64-gnu@12.1.0":
  version "12.1.0"
  resolved "https://registry.yarnpkg.com/@next/swc-linux-arm64-gnu/-/swc-linux-arm64-gnu-12.1.0.tgz#7f4196dff1049cea479607c75b81033ae2dbd093"
  integrity sha512-OqangJLkRxVxMhDtcb7Qn1xjzFA3s50EIxY7mljbSCLybU+sByPaWAHY4px97ieOlr2y4S0xdPKkQ3BCAwyo6Q==

"@next/swc-linux-arm64-musl@12.1.0":
  version "12.1.0"
  resolved "https://registry.yarnpkg.com/@next/swc-linux-arm64-musl/-/swc-linux-arm64-musl-12.1.0.tgz#b445f767569cdc2dddee785ca495e1a88c025566"
  integrity sha512-hB8cLSt4GdmOpcwRe2UzI5UWn6HHO/vLkr5OTuNvCJ5xGDwpPXelVkYW/0+C3g5axbDW2Tym4S+MQCkkH9QfWA==

"@next/swc-linux-x64-gnu@12.1.0":
  version "12.1.0"
  resolved "https://registry.yarnpkg.com/@next/swc-linux-x64-gnu/-/swc-linux-x64-gnu-12.1.0.tgz#67610e9be4fbc987de7535f1bcb17e45fe12f90e"
  integrity sha512-OKO4R/digvrVuweSw/uBM4nSdyzsBV5EwkUeeG4KVpkIZEe64ZwRpnFB65bC6hGwxIBnTv5NMSnJ+0K/WmG78A==

"@next/swc-linux-x64-musl@12.1.0":
  version "12.1.0"
  resolved "https://registry.yarnpkg.com/@next/swc-linux-x64-musl/-/swc-linux-x64-musl-12.1.0.tgz#ea19a23db08a9f2e34ac30401f774cf7d1669d31"
  integrity sha512-JohhgAHZvOD3rQY7tlp7NlmvtvYHBYgY0x5ZCecUT6eCCcl9lv6iV3nfu82ErkxNk1H893fqH0FUpznZ/H3pSw==

"@next/swc-win32-arm64-msvc@12.1.0":
  version "12.1.0"
  resolved "https://registry.yarnpkg.com/@next/swc-win32-arm64-msvc/-/swc-win32-arm64-msvc-12.1.0.tgz#eadf054fc412085659b98e145435bbba200b5283"
  integrity sha512-T/3gIE6QEfKIJ4dmJk75v9hhNiYZhQYAoYm4iVo1TgcsuaKLFa+zMPh4056AHiG6n9tn2UQ1CFE8EoybEsqsSw==

"@next/swc-win32-ia32-msvc@12.1.0":
  version "12.1.0"
  resolved "https://registry.yarnpkg.com/@next/swc-win32-ia32-msvc/-/swc-win32-ia32-msvc-12.1.0.tgz#68faeae10c89f698bf9d28759172b74c9c21bda1"
  integrity sha512-iwnKgHJdqhIW19H9PRPM9j55V6RdcOo6rX+5imx832BCWzkDbyomWnlzBfr6ByUYfhohb8QuH4hSGEikpPqI0Q==

"@next/swc-win32-x64-msvc@12.1.0":
  version "12.1.0"
  resolved "https://registry.yarnpkg.com/@next/swc-win32-x64-msvc/-/swc-win32-x64-msvc-12.1.0.tgz#d27e7e76c87a460a4da99c5bfdb1618dcd6cd064"
  integrity sha512-aBvcbMwuanDH4EMrL2TthNJy+4nP59Bimn8egqv6GHMVj0a44cU6Au4PjOhLNqEh9l+IpRGBqMTzec94UdC5xg==

algoliasearch-helper@^3.7.0:
  version "3.7.0"
  resolved "https://registry.yarnpkg.com/algoliasearch-helper/-/algoliasearch-helper-3.7.0.tgz#c0a0493df84d850360f664ad7a9d4fc78a94fd78"
  integrity sha512-XJ3QfERBLfeVCyTVx80gon7r3/rgm/CE8Ha1H7cbablRe/X7SfYQ14g/eO+MhjVKIQp+gy9oC6G5ilmLwS1k6w==
  dependencies:
    "@algolia/events" "^4.0.1"

algoliasearch@4.12.2:
  version "4.12.2"
  resolved "https://registry.yarnpkg.com/algoliasearch/-/algoliasearch-4.12.2.tgz#d7672a15b8fd1b261d9ae193535b68bcb189cfd2"
  integrity sha512-bn1P9+V415zeDQJtXn+1SwuwedEAv9/LJAxt8XwR6ygH/sMwaHSm2hpkz8wIbCBt/tKQ43TL672Kyxzv5PwGgQ==
  dependencies:
    "@algolia/cache-browser-local-storage" "4.12.2"
    "@algolia/cache-common" "4.12.2"
    "@algolia/cache-in-memory" "4.12.2"
    "@algolia/client-account" "4.12.2"
    "@algolia/client-analytics" "4.12.2"
    "@algolia/client-common" "4.12.2"
    "@algolia/client-personalization" "4.12.2"
    "@algolia/client-search" "4.12.2"
    "@algolia/logger-common" "4.12.2"
    "@algolia/logger-console" "4.12.2"
    "@algolia/requester-browser-xhr" "4.12.2"
    "@algolia/requester-common" "4.12.2"
    "@algolia/requester-node-http" "4.12.2"
    "@algolia/transporter" "4.12.2"

caniuse-lite@^1.0.30001283:
  version "1.0.30001313"
  resolved "https://registry.yarnpkg.com/caniuse-lite/-/caniuse-lite-1.0.30001313.tgz#a380b079db91621e1b7120895874e2fd62ed2e2f"
  integrity sha512-rI1UN0koZUiKINjysQDuRi2VeSCce3bYJNmDcj3PIKREiAmjakugBul1QSkg/fPrlULYl6oWfGg3PbgOSY9X4Q==

classnames@^2.2.5:
  version "2.2.6"
  resolved "https://registry.yarnpkg.com/classnames/-/classnames-2.2.6.tgz#43935bffdd291f326dad0a205309b38d00f650ce"
  integrity sha512-JR/iSQOSt+LQIWwrwEzJ9uk0xfN3mTVYMwt1Ir5mUcSN6pU+V4zQFFaJsclJbPuAUQH+yfWef6tm7l1quW3C8Q==

"js-tokens@^3.0.0 || ^4.0.0":
  version "4.0.0"
  resolved "https://registry.yarnpkg.com/js-tokens/-/js-tokens-4.0.0.tgz#19203fb59991df98e3a287050d4647cdeaf32499"
  integrity sha512-RdJUflcE3cUzKiMqQgsCu06FPu9UdIJO0beYbPhHN4k6apgJtifcoCtT9bcxOpYBtpD2kCM6Sbzg4CausW/PKQ==

loose-envify@^1.1.0, loose-envify@^1.4.0:
  version "1.4.0"
  resolved "https://registry.yarnpkg.com/loose-envify/-/loose-envify-1.4.0.tgz#71ee51fa7be4caec1a63839f7e682d8132d30caf"
  integrity sha512-lyuxPGr/Wfhrlem2CL/UcnUc1zcqKAImBDzukY7Y5F/yQiNdko6+fRLevlw1HgMySw7f611UIY408EtxRSoK3Q==
  dependencies:
    js-tokens "^3.0.0 || ^4.0.0"

nanoid@^3.1.30:
  version "3.3.1"
  resolved "https://registry.yarnpkg.com/nanoid/-/nanoid-3.3.1.tgz#6347a18cac88af88f58af0b3594b723d5e99bb35"
  integrity sha512-n6Vs/3KGyxPQd6uO0eH4Bv0ojGSUvuLlIHtC3Y0kEO23YRge8H9x1GCzLn28YX0H66pMkxuaeESFq4tKISKwdw==

next@12.1.0:
  version "12.1.0"
  resolved "https://registry.yarnpkg.com/next/-/next-12.1.0.tgz#c33d753b644be92fc58e06e5a214f143da61dd5d"
  integrity sha512-s885kWvnIlxsUFHq9UGyIyLiuD0G3BUC/xrH0CEnH5lHEWkwQcHOORgbDF0hbrW9vr/7am4ETfX4A7M6DjrE7Q==
  dependencies:
    "@next/env" "12.1.0"
    caniuse-lite "^1.0.30001283"
    postcss "8.4.5"
    styled-jsx "5.0.0"
    use-subscription "1.5.1"
  optionalDependencies:
    "@next/swc-android-arm64" "12.1.0"
    "@next/swc-darwin-arm64" "12.1.0"
    "@next/swc-darwin-x64" "12.1.0"
    "@next/swc-linux-arm-gnueabihf" "12.1.0"
    "@next/swc-linux-arm64-gnu" "12.1.0"
    "@next/swc-linux-arm64-musl" "12.1.0"
    "@next/swc-linux-x64-gnu" "12.1.0"
    "@next/swc-linux-x64-musl" "12.1.0"
    "@next/swc-win32-arm64-msvc" "12.1.0"
    "@next/swc-win32-ia32-msvc" "12.1.0"
    "@next/swc-win32-x64-msvc" "12.1.0"

object-assign@^4.1.1:
  version "4.1.1"
  resolved "https://registry.yarnpkg.com/object-assign/-/object-assign-4.1.1.tgz#2109adc7965887cfc05cbbd442cac8bfbb360863"
  integrity sha1-IQmtx5ZYh8/AXLvUQsrIv7s2CGM=

picocolors@^1.0.0:
  version "1.0.0"
  resolved "https://registry.yarnpkg.com/picocolors/-/picocolors-1.0.0.tgz#cb5bdc74ff3f51892236eaf79d68bc44564ab81c"
  integrity sha512-1fygroTLlHu66zi26VoTDv8yRgm0Fccecssto+MhsZ0D/DGW2sm8E8AjW7NU5VVTRt5GxbeZ5qBuJr+HyLYkjQ==

postcss@8.4.5:
  version "8.4.5"
  resolved "https://registry.yarnpkg.com/postcss/-/postcss-8.4.5.tgz#bae665764dfd4c6fcc24dc0fdf7e7aa00cc77f95"
  integrity sha512-jBDboWM8qpaqwkMwItqTQTiFikhs/67OYVvblFFTM7MrZjt6yMKd6r2kgXizEbTTljacm4NldIlZnhbjr84QYg==
  dependencies:
    nanoid "^3.1.30"
    picocolors "^1.0.0"
    source-map-js "^1.0.1"

prop-types@^15.6.2:
  version "15.7.2"
  resolved "https://registry.yarnpkg.com/prop-types/-/prop-types-15.7.2.tgz#52c41e75b8c87e72b9d9360e0206b99dcbffa6c5"
  integrity sha512-8QQikdH7//R2vurIJSutZ1smHYTcLpRWEOlHnzcWHmBYrOGUysKwSsrC89BCiFj3CbrfJ/nXFdJepOVrY1GCHQ==
  dependencies:
    loose-envify "^1.4.0"
    object-assign "^4.1.1"
    react-is "^16.8.1"

react-dom@17.0.2:
  version "17.0.2"
  resolved "https://registry.yarnpkg.com/react-dom/-/react-dom-17.0.2.tgz#ecffb6845e3ad8dbfcdc498f0d0a939736502c23"
  integrity sha512-s4h96KtLDUQlsENhMn1ar8t2bEa+q/YAtj8pPPdIjPDGBDIVNsrD9aXNWqspUe6AzKCIG0C1HZZLqLV7qpOBGA==
  dependencies:
    loose-envify "^1.1.0"
    object-assign "^4.1.1"
    scheduler "^0.20.2"

react-fast-compare@^3.0.0:
  version "3.2.0"
  resolved "https://registry.yarnpkg.com/react-fast-compare/-/react-fast-compare-3.2.0.tgz#641a9da81b6a6320f270e89724fb45a0b39e43bb"
  integrity sha512-rtGImPZ0YyLrscKI9xTpV8psd6I8VAtjKCzQDlzyDvqJA8XOW78TXYQwNRNd8g8JZnDu8q9Fu/1v4HPAVwVdHA==

react-instantsearch-core@6.22.0:
  version "6.22.0"
  resolved "https://registry.yarnpkg.com/react-instantsearch-core/-/react-instantsearch-core-6.22.0.tgz#94e1d56c6c8d5c767e285ad50fd6f7dbfbab7f0b"
  integrity sha512-K4GpydrStAGmUFYaV86eU65cvy0ZM97jKtNCF63sznhgYS1mJ3IaKO8HJV56/NP8dPKbr+HbdoD2GOnD1OaLlQ==
  dependencies:
    "@babel/runtime" "^7.1.2"
    algoliasearch-helper "^3.7.0"
    prop-types "^15.6.2"
    react-fast-compare "^3.0.0"

react-instantsearch-dom@6.22.0:
  version "6.22.0"
  resolved "https://registry.yarnpkg.com/react-instantsearch-dom/-/react-instantsearch-dom-6.22.0.tgz#2687e1be5dad5781ac6d89b6dadc9997d4550ffb"
  integrity sha512-geXYTQqGsLggbf7MMuSPgXjuZ3yWtWjjPRWEbXmAHZ4oodbdYiKIuieTDoadYM+m+Y90WXpwn+hMi0EDTffeRA==
  dependencies:
    "@babel/runtime" "^7.1.2"
    algoliasearch-helper "^3.7.0"
    classnames "^2.2.5"
    prop-types "^15.6.2"
    react-fast-compare "^3.0.0"
    react-instantsearch-core "6.22.0"

react-is@^16.8.1:
  version "16.13.1"
  resolved "https://registry.yarnpkg.com/react-is/-/react-is-16.13.1.tgz#789729a4dc36de2999dc156dd6c1d9c18cea56a4"
  integrity sha512-24e6ynE2H+OKt4kqsOvNd8kBpV65zoxbA4BVsEOB3ARVWQki/DHzaUoC5KuON/BiccDaCCTZBuOcfZs70kR8bQ==

react@17.0.2:
  version "17.0.2"
  resolved "https://registry.yarnpkg.com/react/-/react-17.0.2.tgz#d0b5cc516d29eb3eee383f75b62864cfb6800037"
  integrity sha512-gnhPt75i/dq/z3/6q/0asP78D0u592D5L1pd7M8P+dck6Fu/jJeL6iVVK23fptSUZj8Vjf++7wXA8UNclGQcbA==
  dependencies:
    loose-envify "^1.1.0"
    object-assign "^4.1.1"

regenerator-runtime@^0.13.4:
  version "0.13.7"
  resolved "https://registry.yarnpkg.com/regenerator-runtime/-/regenerator-runtime-0.13.7.tgz#cac2dacc8a1ea675feaabaeb8ae833898ae46f55"
  integrity sha512-a54FxoJDIr27pgf7IgeQGxmqUNYrcV338lf/6gH456HZ/PhX+5BcwHXG9ajESmwe6WRO0tAzRUrRmNONWgkrew==

scheduler@^0.20.2:
  version "0.20.2"
  resolved "https://registry.yarnpkg.com/scheduler/-/scheduler-0.20.2.tgz#4baee39436e34aa93b4874bddcbf0fe8b8b50e91"
  integrity sha512-2eWfGgAqqWFGqtdMmcL5zCMK1U8KlXv8SQFGglL3CEtd0aDVDWgeF/YoCmvln55m5zSk3J/20hTaSBeSObsQDQ==
  dependencies:
    loose-envify "^1.1.0"
    object-assign "^4.1.1"

source-map-js@^1.0.1:
  version "1.0.2"
  resolved "https://registry.yarnpkg.com/source-map-js/-/source-map-js-1.0.2.tgz#adbc361d9c62df380125e7f161f71c826f1e490c"
  integrity sha512-R0XvVJ9WusLiqTCEiGCmICCMplcCkIwwR11mOSD9CR5u+IXYdiseeEuXCVAjS54zqwkLcPNnmU4OeJ6tUrWhDw==

styled-jsx@5.0.0:
  version "5.0.0"
  resolved "https://registry.yarnpkg.com/styled-jsx/-/styled-jsx-5.0.0.tgz#816b4b92e07b1786c6b7111821750e0ba4d26e77"
  integrity sha512-qUqsWoBquEdERe10EW8vLp3jT25s/ssG1/qX5gZ4wu15OZpmSMFI2v+fWlRhLfykA5rFtlJ1ME8A8pm/peV4WA==

use-subscription@1.5.1:
  version "1.5.1"
  resolved "https://registry.yarnpkg.com/use-subscription/-/use-subscription-1.5.1.tgz#73501107f02fad84c6dd57965beb0b75c68c42d1"
  integrity sha512-Xv2a1P/yReAjAbhylMfFplFKj9GssgTwN7RlcTxBujFQcloStWNDQdc4g4NRWH9xS4i/FDk04vQBptAXoF3VcA==
  dependencies:
    object-assign "^4.1.1"
