# THIS IS AN AUTOGENERATED FILE. DO NOT EDIT THIS FILE DIRECTLY.
# yarn lockfile v1


"@graphcms/management@1.1.0":
  "integrity" "sha512-jN+qu06BvvX2fK+tz8Po1ySV43ls4iLqQzNxVyoCyHZTwKEQPOVkvp4TRpusTOkuTxyOeI5r+s1GnKfUeQdPdQ=="
  "resolved" "https://registry.npmjs.org/@graphcms/management/-/management-1.1.0.tgz"
  "version" "1.1.0"
  dependencies:
    "@types/nanoid" "2.1.0"
    "graphql" "15.5.0"
    "graphql-request" "3.4.0"
    "nanoid" "3.1.22"

"@hygraph/management-sdk@^1.2.1":
  "integrity" "sha512-n9Vs29lZXWZdOB7NIy8eoNiQfPiVK5JQ/f0z6LJ434aC5JUHxa1fuzE+Rsq6ntTlTYTXaYMRqvsOHjFtRH9ovw=="
  "resolved" "https://registry.npmjs.org/@hygraph/management-sdk/-/management-sdk-1.2.1.tgz"
  "version" "1.2.1"
  dependencies:
    "graphql" "^16.5.0"
    "graphql-request" "^4.3.0"

"@types/nanoid@2.1.0":
  "integrity" "sha512-xdkn/oRTA0GSNPLIKZgHWqDTWZsVrieKomxJBOQUK9YDD+zfSgmwD5t4WJYra5S7XyhTw7tfvwznW+pFexaepQ=="
  "resolved" "https://registry.npmjs.org/@types/nanoid/-/nanoid-2.1.0.tgz"
  "version" "2.1.0"
  dependencies:
    "@types/node" "*"

"@types/node@*":
  "integrity" "sha512-zrNj1+yqYF4WskCMOHwN+w9iuD12+dGm0rQ35HLl9/Ouuq52cEtd0CH9qMgrdNmi5ejC1/V7vKEXYubB+65DkA=="
  "resolved" "https://registry.npmjs.org/@types/node/-/node-15.12.4.tgz"
  "version" "15.12.4"

"asynckit@^0.4.0":
  "integrity" "sha1-x57Zf380y48robyXkLzDZkdLS3k= sha512-Oei9OH4tRh0YqU3GxhX79dM/mwVgvbZJaSNaRk+bshkj0S5cfHcgYakreBjrHwatXKbz+IoIdYLxrKim2MjW0Q=="
  "resolved" "https://registry.npmjs.org/asynckit/-/asynckit-0.4.0.tgz"
  "version" "0.4.0"

"combined-stream@^1.0.8":
  "integrity" "sha512-FQN4MRfuJeHf7cBbBMJFXhKSDq+2kAArBlmRBvcvFE5BB1HZKXtSFASDhdlz9zOYwxh8lDdnvmMOe/+5cdoEdg=="
  "resolved" "https://registry.npmjs.org/combined-stream/-/combined-stream-1.0.8.tgz"
  "version" "1.0.8"
  dependencies:
    "delayed-stream" "~1.0.0"

"cross-fetch@^3.0.6", "cross-fetch@^3.1.5":
  "integrity" "sha512-cvA+JwZoU0Xq+h6WkMvAUqPEYy92Obet6UdKLfW60qn99ftItKjB5T+BkyWOFWe2pUyfQ+IJHmpOTznqk1M6Kg=="
  "resolved" "https://registry.npmjs.org/cross-fetch/-/cross-fetch-3.1.8.tgz"
  "version" "3.1.8"
  dependencies:
    "node-fetch" "^2.6.12"

"delayed-stream@~1.0.0":
  "integrity" "sha1-3zrhmayt+31ECqrgsp4icrJOxhk= sha512-ZySD7Nf91aLB0RxL4KGrKHBXl7Eds1DAmEdcoVawXnLD7SDhpNgtuII2aAkg7a7QS41jxPSZ17p4VdGnMHk3MQ=="
  "resolved" "https://registry.npmjs.org/delayed-stream/-/delayed-stream-1.0.0.tgz"
  "version" "1.0.0"

"dotenv@10.0.0":
  "integrity" "sha512-rlBi9d8jpv9Sf1klPjNfFAuWDjKLwTIJJ/VxtoTwIR6hnZxcEOQCZg2oIL3MWBYw5GpUDKOEnND7LXTbIpQ03Q=="
  "resolved" "https://registry.npmjs.org/dotenv/-/dotenv-10.0.0.tgz"
  "version" "10.0.0"

"extract-files@^9.0.0":
  "integrity" "sha512-CvdFfHkC95B4bBBk36hcEmvdR2awOdhhVUYH6S/zrVj3477zven/fJMYg7121h4T1xHZC+tetUpubpAhxwI7hQ=="
  "resolved" "https://registry.npmjs.org/extract-files/-/extract-files-9.0.0.tgz"
  "version" "9.0.0"

"form-data@^3.0.0":
  "integrity" "sha512-RHkBKtLWUVwd7SqRIvCZMEvAMoGUp0XU+seQiZejj0COz3RI3hWP4sCv3gZWWLjJTd7rGwcsF5eKZGii0r/hbg=="
  "resolved" "https://registry.npmjs.org/form-data/-/form-data-3.0.1.tgz"
  "version" "3.0.1"
  dependencies:
    "asynckit" "^0.4.0"
    "combined-stream" "^1.0.8"
    "mime-types" "^2.1.12"

"graphql-request@^4.3.0":
  "integrity" "sha512-2v6hQViJvSsifK606AliqiNiijb1uwWp6Re7o0RTyH+uRTv/u7Uqm2g4Fjq/LgZIzARB38RZEvVBFOQOVdlBow=="
  "resolved" "https://registry.npmjs.org/graphql-request/-/graphql-request-4.3.0.tgz"
  "version" "4.3.0"
  dependencies:
    "cross-fetch" "^3.1.5"
    "extract-files" "^9.0.0"
    "form-data" "^3.0.0"

"graphql-request@3.4.0":
  "integrity" "sha512-acrTzidSlwAj8wBNO7Q/UQHS8T+z5qRGquCQRv9J1InwR01BBWV9ObnoE+JS5nCCEj8wSGS0yrDXVDoRiKZuOg=="
  "resolved" "https://registry.npmjs.org/graphql-request/-/graphql-request-3.4.0.tgz"
  "version" "3.4.0"
  dependencies:
    "cross-fetch" "^3.0.6"
    "extract-files" "^9.0.0"
    "form-data" "^3.0.0"

"graphql@^16.5.0", "graphql@14 - 16":
  "integrity" "sha512-DRYR9tf+UGU0KOsMcKAlXeFfX89UiiIZ0dRU3mR0yJfu6OjZqUcp68NnFLnqQU5RexygFoDy1EW+ccOYcPfmHg=="
  "resolved" "https://registry.npmjs.org/graphql/-/graphql-16.7.1.tgz"
  "version" "16.7.1"

"graphql@14.x || 15.x", "graphql@15.5.0":
  "integrity" "sha512-OmaM7y0kaK31NKG31q4YbD2beNYa6jBBKtMFT6gLYJljHLJr42IqJ8KX08u3Li/0ifzTU5HjmoOOrwa5BRLeDA=="
  "resolved" "https://registry.npmjs.org/graphql/-/graphql-15.5.0.tgz"
  "version" "15.5.0"

"mime-db@1.48.0":
  "integrity" "sha512-FM3QwxV+TnZYQ2aRqhlKBMHxk10lTbMt3bBkMAp54ddrNeVSfcQYOOKuGuy3Ddrm38I04If834fOUSq1yzslJQ=="
  "resolved" "https://registry.npmjs.org/mime-db/-/mime-db-1.48.0.tgz"
  "version" "1.48.0"

"mime-types@^2.1.12":
  "integrity" "sha512-XGZnNzm3QvgKxa8dpzyhFTHmpP3l5YNusmne07VUOXxou9CqUqYa/HBy124RqtVh/O2pECas/MOcsDgpilPOPg=="
  "resolved" "https://registry.npmjs.org/mime-types/-/mime-types-2.1.31.tgz"
  "version" "2.1.31"
  dependencies:
    "mime-db" "1.48.0"

"nanoid@3.1.22":
  "integrity" "sha512-/2ZUaJX2ANuLtTvqTlgqBQNJoQO398KyJgZloL0PZkC0dpysjncRUPsFe3DUPzz/y3h+u7C46np8RMuvF3jsSQ=="
  "resolved" "https://registry.npmjs.org/nanoid/-/nanoid-3.1.22.tgz"
  "version" "3.1.22"

"node-fetch@^2.6.12":
  "integrity" "sha512-C/fGU2E8ToujUivIO0H+tpQ6HWo4eEmchoPIoXtxCrVghxdKq+QOHqEZW7tuP3KlV3bC8FRMO5nMCC7Zm1VP6g=="
  "resolved" "https://registry.npmjs.org/node-fetch/-/node-fetch-2.6.12.tgz"
  "version" "2.6.12"
  dependencies:
    "whatwg-url" "^5.0.0"

"tr46@~0.0.3":
  "integrity" "sha512-N3WMsuqV66lT30CrXNbEjx4GEwlow3v6rr4mCcv6prnfwhS01rkgyFdjPNBYd9br7LpXV1+Emh01fHnq2Gdgrw=="
  "resolved" "https://registry.npmjs.org/tr46/-/tr46-0.0.3.tgz"
  "version" "0.0.3"

"webidl-conversions@^3.0.0":
  "integrity" "sha512-2JAn3z8AR6rjK8Sm8orRC0h/bcl/DqL7tRPdGZ4I1CjdF+EaMLmYxBHyXuKL849eucPFhvBoxMsflfOb8kxaeQ=="
  "resolved" "https://registry.npmjs.org/webidl-conversions/-/webidl-conversions-3.0.1.tgz"
  "version" "3.0.1"

"whatwg-url@^5.0.0":
  "integrity" "sha512-saE57nupxk6v3HY35+jzBwYa0rKSy0XR8JSxZPwgLr7ys0IBzhGviA1/TUGJLmSVqs8pb9AnvICXEuOHLprYTw=="
  "resolved" "https://registry.npmjs.org/whatwg-url/-/whatwg-url-5.0.0.tgz"
  "version" "5.0.0"
  dependencies:
    "tr46" "~0.0.3"
    "webidl-conversions" "^3.0.0"
