// !$*UTF8*$!
{
	archiveVersion = 1;
	classes = {
	};
	objectVersion = 55;
	objects = {

/* Begin PBXBuildFile section */
		C34841D02789DA6C00A66DD3 /* APIService.swift in Sources */ = {isa = PBXBuildFile; fileRef = C34841CF2789DA6C00A66DD3 /* APIService.swift */; };
		C34841D12789DA6C00A66DD3 /* APIService.swift in Sources */ = {isa = PBXBuildFile; fileRef = C34841CF2789DA6C00A66DD3 /* APIService.swift */; };
		C34841D32789DE3600A66DD3 /* Products.swift in Sources */ = {isa = PBXBuildFile; fileRef = C34841D22789DE3600A66DD3 /* Products.swift */; };
		C34841D42789DE3600A66DD3 /* Products.swift in Sources */ = {isa = PBXBuildFile; fileRef = C34841D22789DE3600A66DD3 /* Products.swift */; };
		C34841D72789E05E00A66DD3 /* SwiftGraphQL in Frameworks */ = {isa = PBXBuildFile; productRef = C34841D62789E05E00A66DD3 /* SwiftGraphQL */; };
		C3738D1B277BB48600AE8B00 /* Assets.xcassets in Resources */ = {isa = PBXBuildFile; fileRef = C3738D09277BB48600AE8B00 /* Assets.xcassets */; };
		C3738D1C277BB48600AE8B00 /* Assets.xcassets in Resources */ = {isa = PBXBuildFile; fileRef = C3738D09277BB48600AE8B00 /* Assets.xcassets */; };
		C3738D39277BB4A000AE8B00 /* SwiftExampleApp.swift in Sources */ = {isa = PBXBuildFile; fileRef = C3738D2A277BB4A000AE8B00 /* SwiftExampleApp.swift */; };
		C3738D3A277BB4A000AE8B00 /* SwiftExampleApp.swift in Sources */ = {isa = PBXBuildFile; fileRef = C3738D2A277BB4A000AE8B00 /* SwiftExampleApp.swift */; };
		C3738D3B277BB4A000AE8B00 /* Currency.swift in Sources */ = {isa = PBXBuildFile; fileRef = C3738D2B277BB4A000AE8B00 /* Currency.swift */; };
		C3738D3C277BB4A000AE8B00 /* Currency.swift in Sources */ = {isa = PBXBuildFile; fileRef = C3738D2B277BB4A000AE8B00 /* Currency.swift */; };
		C3738D3D277BB4A000AE8B00 /* Product.swift in Sources */ = {isa = PBXBuildFile; fileRef = C3738D2D277BB4A000AE8B00 /* Product.swift */; };
		C3738D3E277BB4A000AE8B00 /* Product.swift in Sources */ = {isa = PBXBuildFile; fileRef = C3738D2D277BB4A000AE8B00 /* Product.swift */; };
		C3738D41277BB4A000AE8B00 /* DetailView.swift in Sources */ = {isa = PBXBuildFile; fileRef = C3738D30277BB4A000AE8B00 /* DetailView.swift */; };
		C3738D42277BB4A000AE8B00 /* DetailView.swift in Sources */ = {isa = PBXBuildFile; fileRef = C3738D30277BB4A000AE8B00 /* DetailView.swift */; };
		C3738D43277BB4A000AE8B00 /* ProductList.swift in Sources */ = {isa = PBXBuildFile; fileRef = C3738D31277BB4A000AE8B00 /* ProductList.swift */; };
		C3738D44277BB4A000AE8B00 /* ProductList.swift in Sources */ = {isa = PBXBuildFile; fileRef = C3738D31277BB4A000AE8B00 /* ProductList.swift */; };
		C3738D45277BB4A000AE8B00 /* ContentView.swift in Sources */ = {isa = PBXBuildFile; fileRef = C3738D32277BB4A000AE8B00 /* ContentView.swift */; };
		C3738D46277BB4A000AE8B00 /* ContentView.swift in Sources */ = {isa = PBXBuildFile; fileRef = C3738D32277BB4A000AE8B00 /* ContentView.swift */; };
		C3738D49277BB58600AE8B00 /* SwiftGraphQL in Frameworks */ = {isa = PBXBuildFile; productRef = C3738D48277BB58600AE8B00 /* SwiftGraphQL */; };
		C3C10E53277BC90800C1297D /* Schema.swift in Sources */ = {isa = PBXBuildFile; fileRef = C3C10E52277BC90800C1297D /* Schema.swift */; };
		C3C10E54277BC90800C1297D /* Schema.swift in Sources */ = {isa = PBXBuildFile; fileRef = C3C10E52277BC90800C1297D /* Schema.swift */; };
		C3C10E56277BC92300C1297D /* DateTime.swift in Sources */ = {isa = PBXBuildFile; fileRef = C3C10E55277BC92300C1297D /* DateTime.swift */; };
		C3C10E57277BC92300C1297D /* DateTime.swift in Sources */ = {isa = PBXBuildFile; fileRef = C3C10E55277BC92300C1297D /* DateTime.swift */; };
		C3C10E59277BDCC800C1297D /* API.swift in Sources */ = {isa = PBXBuildFile; fileRef = C3C10E58277BDCC800C1297D /* API.swift */; };
		C3C10E5A277BDCC800C1297D /* API.swift in Sources */ = {isa = PBXBuildFile; fileRef = C3C10E58277BDCC800C1297D /* API.swift */; };
/* End PBXBuildFile section */

/* Begin PBXFileReference section */
		C34841CF2789DA6C00A66DD3 /* APIService.swift */ = {isa = PBXFileReference; lastKnownFileType = sourcecode.swift; path = APIService.swift; sourceTree = "<group>"; };
		C34841D22789DE3600A66DD3 /* Products.swift */ = {isa = PBXFileReference; lastKnownFileType = sourcecode.swift; path = Products.swift; sourceTree = "<group>"; };
		C348BE94278C4D6700391763 /* PlaygroundExample.playground */ = {isa = PBXFileReference; lastKnownFileType = file.playground; path = PlaygroundExample.playground; sourceTree = "<group>"; xcLanguageSpecificationIdentifier = xcode.lang.swift; };
		C3738D09277BB48600AE8B00 /* Assets.xcassets */ = {isa = PBXFileReference; lastKnownFileType = folder.assetcatalog; path = Assets.xcassets; sourceTree = "<group>"; };
		C3738D0E277BB48600AE8B00 /* with-swift-graphql.app */ = {isa = PBXFileReference; explicitFileType = wrapper.application; includeInIndex = 0; path = "with-swift-graphql.app"; sourceTree = BUILT_PRODUCTS_DIR; };
		C3738D14277BB48600AE8B00 /* with-swift-graphql.app */ = {isa = PBXFileReference; explicitFileType = wrapper.application; includeInIndex = 0; path = "with-swift-graphql.app"; sourceTree = BUILT_PRODUCTS_DIR; };
		C3738D16277BB48600AE8B00 /* macOS.entitlements */ = {isa = PBXFileReference; lastKnownFileType = text.plist.entitlements; path = macOS.entitlements; sourceTree = "<group>"; };
		C3738D2A277BB4A000AE8B00 /* SwiftExampleApp.swift */ = {isa = PBXFileReference; fileEncoding = 4; lastKnownFileType = sourcecode.swift; path = SwiftExampleApp.swift; sourceTree = "<group>"; };
		C3738D2B277BB4A000AE8B00 /* Currency.swift */ = {isa = PBXFileReference; fileEncoding = 4; lastKnownFileType = sourcecode.swift; path = Currency.swift; sourceTree = "<group>"; };
		C3738D2D277BB4A000AE8B00 /* Product.swift */ = {isa = PBXFileReference; fileEncoding = 4; lastKnownFileType = sourcecode.swift; path = Product.swift; sourceTree = "<group>"; };
		C3738D30277BB4A000AE8B00 /* DetailView.swift */ = {isa = PBXFileReference; fileEncoding = 4; lastKnownFileType = sourcecode.swift; path = DetailView.swift; sourceTree = "<group>"; };
		C3738D31277BB4A000AE8B00 /* ProductList.swift */ = {isa = PBXFileReference; fileEncoding = 4; lastKnownFileType = sourcecode.swift; path = ProductList.swift; sourceTree = "<group>"; };
		C3738D32277BB4A000AE8B00 /* ContentView.swift */ = {isa = PBXFileReference; fileEncoding = 4; lastKnownFileType = sourcecode.swift; path = ContentView.swift; sourceTree = "<group>"; };
		C3C10E52277BC90800C1297D /* Schema.swift */ = {isa = PBXFileReference; fileEncoding = 4; lastKnownFileType = sourcecode.swift; path = Schema.swift; sourceTree = "<group>"; };
		C3C10E55277BC92300C1297D /* DateTime.swift */ = {isa = PBXFileReference; lastKnownFileType = sourcecode.swift; path = DateTime.swift; sourceTree = "<group>"; };
		C3C10E58277BDCC800C1297D /* API.swift */ = {isa = PBXFileReference; lastKnownFileType = sourcecode.swift; path = API.swift; sourceTree = "<group>"; };
/* End PBXFileReference section */

/* Begin PBXFrameworksBuildPhase section */
		C3738D0B277BB48600AE8B00 /* Frameworks */ = {
			isa = PBXFrameworksBuildPhase;
			buildActionMask = 2147483647;
			files = (
				C3738D49277BB58600AE8B00 /* SwiftGraphQL in Frameworks */,
			);
			runOnlyForDeploymentPostprocessing = 0;
		};
		C3738D11277BB48600AE8B00 /* Frameworks */ = {
			isa = PBXFrameworksBuildPhase;
			buildActionMask = 2147483647;
			files = (
				C34841D72789E05E00A66DD3 /* SwiftGraphQL in Frameworks */,
			);
			runOnlyForDeploymentPostprocessing = 0;
		};
/* End PBXFrameworksBuildPhase section */

/* Begin PBXGroup section */
		C34841CE2789DA6100A66DD3 /* Service */ = {
			isa = PBXGroup;
			children = (
				C34841CF2789DA6C00A66DD3 /* APIService.swift */,
			);
			path = Service;
			sourceTree = "<group>";
		};
		C34841D52789E05E00A66DD3 /* Frameworks */ = {
			isa = PBXGroup;
			children = (
			);
			name = Frameworks;
			sourceTree = "<group>";
		};
		C3738D01277BB48400AE8B00 = {
			isa = PBXGroup;
			children = (
				C348BE94278C4D6700391763 /* PlaygroundExample.playground */,
				C3738D06277BB48400AE8B00 /* Shared */,
				C3738D15277BB48600AE8B00 /* macOS */,
				C3738D0F277BB48600AE8B00 /* Products */,
				C34841D52789E05E00A66DD3 /* Frameworks */,
			);
			sourceTree = "<group>";
		};
		C3738D06277BB48400AE8B00 /* Shared */ = {
			isa = PBXGroup;
			children = (
				C34841CE2789DA6100A66DD3 /* Service */,
				C3738D25277BB4A000AE8B00 /* API */,
				C3738D29277BB4A000AE8B00 /* App */,
				C3738D2C277BB4A000AE8B00 /* Models */,
				C3738D2F277BB4A000AE8B00 /* Views */,
				C3738D09277BB48600AE8B00 /* Assets.xcassets */,
			);
			path = Shared;
			sourceTree = "<group>";
		};
		C3738D0F277BB48600AE8B00 /* Products */ = {
			isa = PBXGroup;
			children = (
				C3738D0E277BB48600AE8B00 /* with-swift-graphql.app */,
				C3738D14277BB48600AE8B00 /* with-swift-graphql.app */,
			);
			name = Products;
			sourceTree = "<group>";
		};
		C3738D15277BB48600AE8B00 /* macOS */ = {
			isa = PBXGroup;
			children = (
				C3738D16277BB48600AE8B00 /* macOS.entitlements */,
			);
			path = macOS;
			sourceTree = "<group>";
		};
		C3738D25277BB4A000AE8B00 /* API */ = {
			isa = PBXGroup;
			children = (
				C3C10E52277BC90800C1297D /* Schema.swift */,
				C3C10E55277BC92300C1297D /* DateTime.swift */,
				C3C10E58277BDCC800C1297D /* API.swift */,
				C34841D22789DE3600A66DD3 /* Products.swift */,
			);
			path = API;
			sourceTree = "<group>";
		};
		C3738D29277BB4A000AE8B00 /* App */ = {
			isa = PBXGroup;
			children = (
				C3738D2A277BB4A000AE8B00 /* SwiftExampleApp.swift */,
				C3738D2B277BB4A000AE8B00 /* Currency.swift */,
			);
			path = App;
			sourceTree = "<group>";
		};
		C3738D2C277BB4A000AE8B00 /* Models */ = {
			isa = PBXGroup;
			children = (
				C3738D2D277BB4A000AE8B00 /* Product.swift */,
			);
			path = Models;
			sourceTree = "<group>";
		};
		C3738D2F277BB4A000AE8B00 /* Views */ = {
			isa = PBXGroup;
			children = (
				C3738D30277BB4A000AE8B00 /* DetailView.swift */,
				C3738D31277BB4A000AE8B00 /* ProductList.swift */,
				C3738D32277BB4A000AE8B00 /* ContentView.swift */,
			);
			path = Views;
			sourceTree = "<group>";
		};
/* End PBXGroup section */

/* Begin PBXNativeTarget section */
		C3738D0D277BB48600AE8B00 /* with-swift-graphql (iOS) */ = {
			isa = PBXNativeTarget;
			buildConfigurationList = C3738D1F277BB48600AE8B00 /* Build configuration list for PBXNativeTarget "with-swift-graphql (iOS)" */;
			buildPhases = (
				C3738D0A277BB48600AE8B00 /* Sources */,
				C3738D0B277BB48600AE8B00 /* Frameworks */,
				C3738D0C277BB48600AE8B00 /* Resources */,
			);
			buildRules = (
			);
			dependencies = (
			);
			name = "with-swift-graphql (iOS)";
			packageProductDependencies = (
				C3738D48277BB58600AE8B00 /* SwiftGraphQL */,
			);
			productName = "with-swift-graphql (iOS)";
			productReference = C3738D0E277BB48600AE8B00 /* with-swift-graphql.app */;
			productType = "com.apple.product-type.application";
		};
		C3738D13277BB48600AE8B00 /* with-swift-graphql (macOS) */ = {
			isa = PBXNativeTarget;
			buildConfigurationList = C3738D22277BB48600AE8B00 /* Build configuration list for PBXNativeTarget "with-swift-graphql (macOS)" */;
			buildPhases = (
				C3738D10277BB48600AE8B00 /* Sources */,
				C3738D11277BB48600AE8B00 /* Frameworks */,
				C3738D12277BB48600AE8B00 /* Resources */,
			);
			buildRules = (
			);
			dependencies = (
			);
			name = "with-swift-graphql (macOS)";
			packageProductDependencies = (
				C34841D62789E05E00A66DD3 /* SwiftGraphQL */,
			);
			productName = "with-swift-graphql (macOS)";
			productReference = C3738D14277BB48600AE8B00 /* with-swift-graphql.app */;
			productType = "com.apple.product-type.application";
		};
/* End PBXNativeTarget section */

/* Begin PBXProject section */
		C3738D02277BB48400AE8B00 /* Project object */ = {
			isa = PBXProject;
			attributes = {
				BuildIndependentTargetsInParallel = 1;
				LastSwiftUpdateCheck = 1320;
				LastUpgradeCheck = 1320;
				TargetAttributes = {
					C3738D0D277BB48600AE8B00 = {
						CreatedOnToolsVersion = 13.2.1;
					};
					C3738D13277BB48600AE8B00 = {
						CreatedOnToolsVersion = 13.2.1;
					};
				};
			};
			buildConfigurationList = C3738D05277BB48400AE8B00 /* Build configuration list for PBXProject "with-swift-graphql" */;
			compatibilityVersion = "Xcode 13.0";
			developmentRegion = en;
			hasScannedForEncodings = 0;
			knownRegions = (
				en,
				Base,
			);
			mainGroup = C3738D01277BB48400AE8B00;
			packageReferences = (
				C3738D47277BB58600AE8B00 /* XCRemoteSwiftPackageReference "swift-graphql" */,
			);
			productRefGroup = C3738D0F277BB48600AE8B00 /* Products */;
			projectDirPath = "";
			projectRoot = "";
			targets = (
				C3738D0D277BB48600AE8B00 /* with-swift-graphql (iOS) */,
				C3738D13277BB48600AE8B00 /* with-swift-graphql (macOS) */,
			);
		};
/* End PBXProject section */

/* Begin PBXResourcesBuildPhase section */
		C3738D0C277BB48600AE8B00 /* Resources */ = {
			isa = PBXResourcesBuildPhase;
			buildActionMask = 2147483647;
			files = (
				C3738D1B277BB48600AE8B00 /* Assets.xcassets in Resources */,
			);
			runOnlyForDeploymentPostprocessing = 0;
		};
		C3738D12277BB48600AE8B00 /* Resources */ = {
			isa = PBXResourcesBuildPhase;
			buildActionMask = 2147483647;
			files = (
				C3738D1C277BB48600AE8B00 /* Assets.xcassets in Resources */,
			);
			runOnlyForDeploymentPostprocessing = 0;
		};
/* End PBXResourcesBuildPhase section */

/* Begin PBXSourcesBuildPhase section */
		C3738D0A277BB48600AE8B00 /* Sources */ = {
			isa = PBXSourcesBuildPhase;
			buildActionMask = 2147483647;
			files = (
				C3C10E53277BC90800C1297D /* Schema.swift in Sources */,
				C34841D32789DE3600A66DD3 /* Products.swift in Sources */,
				C3738D41277BB4A000AE8B00 /* DetailView.swift in Sources */,
				C3738D3B277BB4A000AE8B00 /* Currency.swift in Sources */,
				C3738D43277BB4A000AE8B00 /* ProductList.swift in Sources */,
				C3738D45277BB4A000AE8B00 /* ContentView.swift in Sources */,
				C3738D39277BB4A000AE8B00 /* SwiftExampleApp.swift in Sources */,
				C34841D02789DA6C00A66DD3 /* APIService.swift in Sources */,
				C3738D3D277BB4A000AE8B00 /* Product.swift in Sources */,
				C3C10E59277BDCC800C1297D /* API.swift in Sources */,
				C3C10E56277BC92300C1297D /* DateTime.swift in Sources */,
			);
			runOnlyForDeploymentPostprocessing = 0;
		};
		C3738D10277BB48600AE8B00 /* Sources */ = {
			isa = PBXSourcesBuildPhase;
			buildActionMask = 2147483647;
			files = (
				C3C10E54277BC90800C1297D /* Schema.swift in Sources */,
				C34841D42789DE3600A66DD3 /* Products.swift in Sources */,
				C3738D42277BB4A000AE8B00 /* DetailView.swift in Sources */,
				C3738D3C277BB4A000AE8B00 /* Currency.swift in Sources */,
				C3738D44277BB4A000AE8B00 /* ProductList.swift in Sources */,
				C3738D46277BB4A000AE8B00 /* ContentView.swift in Sources */,
				C3738D3A277BB4A000AE8B00 /* SwiftExampleApp.swift in Sources */,
				C34841D12789DA6C00A66DD3 /* APIService.swift in Sources */,
				C3738D3E277BB4A000AE8B00 /* Product.swift in Sources */,
				C3C10E5A277BDCC800C1297D /* API.swift in Sources */,
				C3C10E57277BC92300C1297D /* DateTime.swift in Sources */,
			);
			runOnlyForDeploymentPostprocessing = 0;
		};
/* End PBXSourcesBuildPhase section */

/* Begin XCBuildConfiguration section */
		C3738D1D277BB48600AE8B00 /* Debug */ = {
			isa = XCBuildConfiguration;
			buildSettings = {
				ALWAYS_SEARCH_USER_PATHS = NO;
				CLANG_ANALYZER_NONNULL = YES;
				CLANG_ANALYZER_NUMBER_OBJECT_CONVERSION = YES_AGGRESSIVE;
				CLANG_CXX_LANGUAGE_STANDARD = "gnu++17";
				CLANG_CXX_LIBRARY = "libc++";
				CLANG_ENABLE_MODULES = YES;
				CLANG_ENABLE_OBJC_ARC = YES;
				CLANG_ENABLE_OBJC_WEAK = YES;
				CLANG_WARN_BLOCK_CAPTURE_AUTORELEASING = YES;
				CLANG_WARN_BOOL_CONVERSION = YES;
				CLANG_WARN_COMMA = YES;
				CLANG_WARN_CONSTANT_CONVERSION = YES;
				CLANG_WARN_DEPRECATED_OBJC_IMPLEMENTATIONS = YES;
				CLANG_WARN_DIRECT_OBJC_ISA_USAGE = YES_ERROR;
				CLANG_WARN_DOCUMENTATION_COMMENTS = YES;
				CLANG_WARN_EMPTY_BODY = YES;
				CLANG_WARN_ENUM_CONVERSION = YES;
				CLANG_WARN_INFINITE_RECURSION = YES;
				CLANG_WARN_INT_CONVERSION = YES;
				CLANG_WARN_NON_LITERAL_NULL_CONVERSION = YES;
				CLANG_WARN_OBJC_IMPLICIT_RETAIN_SELF = YES;
				CLANG_WARN_OBJC_LITERAL_CONVERSION = YES;
				CLANG_WARN_OBJC_ROOT_CLASS = YES_ERROR;
				CLANG_WARN_QUOTED_INCLUDE_IN_FRAMEWORK_HEADER = YES;
				CLANG_WARN_RANGE_LOOP_ANALYSIS = YES;
				CLANG_WARN_STRICT_PROTOTYPES = YES;
				CLANG_WARN_SUSPICIOUS_MOVE = YES;
				CLANG_WARN_UNGUARDED_AVAILABILITY = YES_AGGRESSIVE;
				CLANG_WARN_UNREACHABLE_CODE = YES;
				CLANG_WARN__DUPLICATE_METHOD_MATCH = YES;
				COPY_PHASE_STRIP = NO;
				DEBUG_INFORMATION_FORMAT = dwarf;
				ENABLE_STRICT_OBJC_MSGSEND = YES;
				ENABLE_TESTABILITY = YES;
				GCC_C_LANGUAGE_STANDARD = gnu11;
				GCC_DYNAMIC_NO_PIC = NO;
				GCC_NO_COMMON_BLOCKS = YES;
				GCC_OPTIMIZATION_LEVEL = 0;
				GCC_PREPROCESSOR_DEFINITIONS = (
					"DEBUG=1",
					"$(inherited)",
				);
				GCC_WARN_64_TO_32_BIT_CONVERSION = YES;
				GCC_WARN_ABOUT_RETURN_TYPE = YES_ERROR;
				GCC_WARN_UNDECLARED_SELECTOR = YES;
				GCC_WARN_UNINITIALIZED_AUTOS = YES_AGGRESSIVE;
				GCC_WARN_UNUSED_FUNCTION = YES;
				GCC_WARN_UNUSED_VARIABLE = YES;
				MTL_ENABLE_DEBUG_INFO = INCLUDE_SOURCE;
				MTL_FAST_MATH = YES;
				ONLY_ACTIVE_ARCH = YES;
				SWIFT_ACTIVE_COMPILATION_CONDITIONS = DEBUG;
				SWIFT_OPTIMIZATION_LEVEL = "-Onone";
			};
			name = Debug;
		};
		C3738D1E277BB48600AE8B00 /* Release */ = {
			isa = XCBuildConfiguration;
			buildSettings = {
				ALWAYS_SEARCH_USER_PATHS = NO;
				CLANG_ANALYZER_NONNULL = YES;
				CLANG_ANALYZER_NUMBER_OBJECT_CONVERSION = YES_AGGRESSIVE;
				CLANG_CXX_LANGUAGE_STANDARD = "gnu++17";
				CLANG_CXX_LIBRARY = "libc++";
				CLANG_ENABLE_MODULES = YES;
				CLANG_ENABLE_OBJC_ARC = YES;
				CLANG_ENABLE_OBJC_WEAK = YES;
				CLANG_WARN_BLOCK_CAPTURE_AUTORELEASING = YES;
				CLANG_WARN_BOOL_CONVERSION = YES;
				CLANG_WARN_COMMA = YES;
				CLANG_WARN_CONSTANT_CONVERSION = YES;
				CLANG_WARN_DEPRECATED_OBJC_IMPLEMENTATIONS = YES;
				CLANG_WARN_DIRECT_OBJC_ISA_USAGE = YES_ERROR;
				CLANG_WARN_DOCUMENTATION_COMMENTS = YES;
				CLANG_WARN_EMPTY_BODY = YES;
				CLANG_WARN_ENUM_CONVERSION = YES;
				CLANG_WARN_INFINITE_RECURSION = YES;
				CLANG_WARN_INT_CONVERSION = YES;
				CLANG_WARN_NON_LITERAL_NULL_CONVERSION = YES;
				CLANG_WARN_OBJC_IMPLICIT_RETAIN_SELF = YES;
				CLANG_WARN_OBJC_LITERAL_CONVERSION = YES;
				CLANG_WARN_OBJC_ROOT_CLASS = YES_ERROR;
				CLANG_WARN_QUOTED_INCLUDE_IN_FRAMEWORK_HEADER = YES;
				CLANG_WARN_RANGE_LOOP_ANALYSIS = YES;
				CLANG_WARN_STRICT_PROTOTYPES = YES;
				CLANG_WARN_SUSPICIOUS_MOVE = YES;
				CLANG_WARN_UNGUARDED_AVAILABILITY = YES_AGGRESSIVE;
				CLANG_WARN_UNREACHABLE_CODE = YES;
				CLANG_WARN__DUPLICATE_METHOD_MATCH = YES;
				COPY_PHASE_STRIP = NO;
				DEBUG_INFORMATION_FORMAT = "dwarf-with-dsym";
				ENABLE_NS_ASSERTIONS = NO;
				ENABLE_STRICT_OBJC_MSGSEND = YES;
				GCC_C_LANGUAGE_STANDARD = gnu11;
				GCC_NO_COMMON_BLOCKS = YES;
				GCC_WARN_64_TO_32_BIT_CONVERSION = YES;
				GCC_WARN_ABOUT_RETURN_TYPE = YES_ERROR;
				GCC_WARN_UNDECLARED_SELECTOR = YES;
				GCC_WARN_UNINITIALIZED_AUTOS = YES_AGGRESSIVE;
				GCC_WARN_UNUSED_FUNCTION = YES;
				GCC_WARN_UNUSED_VARIABLE = YES;
				MTL_ENABLE_DEBUG_INFO = NO;
				MTL_FAST_MATH = YES;
				SWIFT_COMPILATION_MODE = wholemodule;
				SWIFT_OPTIMIZATION_LEVEL = "-O";
			};
			name = Release;
		};
		C3738D20277BB48600AE8B00 /* Debug */ = {
			isa = XCBuildConfiguration;
			buildSettings = {
				ASSETCATALOG_COMPILER_APPICON_NAME = AppIcon;
				ASSETCATALOG_COMPILER_GLOBAL_ACCENT_COLOR_NAME = AccentColor;
				CODE_SIGN_STYLE = Automatic;
				CURRENT_PROJECT_VERSION = 1;
				DEVELOPMENT_TEAM = YK4EK57EQ6;
				ENABLE_PREVIEWS = YES;
				GENERATE_INFOPLIST_FILE = YES;
				INFOPLIST_KEY_UIApplicationSceneManifest_Generation = YES;
				INFOPLIST_KEY_UIApplicationSupportsIndirectInputEvents = YES;
				INFOPLIST_KEY_UILaunchScreen_Generation = YES;
				INFOPLIST_KEY_UISupportedInterfaceOrientations_iPad = "UIInterfaceOrientationPortrait UIInterfaceOrientationPortraitUpsideDown UIInterfaceOrientationLandscapeLeft UIInterfaceOrientationLandscapeRight";
				INFOPLIST_KEY_UISupportedInterfaceOrientations_iPhone = "UIInterfaceOrientationPortrait UIInterfaceOrientationLandscapeLeft UIInterfaceOrientationLandscapeRight";
				IPHONEOS_DEPLOYMENT_TARGET = 15.2;
				LD_RUNPATH_SEARCH_PATHS = (
					"$(inherited)",
					"@executable_path/Frameworks",
				);
				MARKETING_VERSION = 1.0;
				PRODUCT_BUNDLE_IDENTIFIER = "com.hygraph.swift.with-swift-graphql";
				PRODUCT_NAME = "with-swift-graphql";
				SDKROOT = iphoneos;
				SWIFT_EMIT_LOC_STRINGS = YES;
				SWIFT_VERSION = 5.0;
				TARGETED_DEVICE_FAMILY = "1,2";
			};
			name = Debug;
		};
		C3738D21277BB48600AE8B00 /* Release */ = {
			isa = XCBuildConfiguration;
			buildSettings = {
				ASSETCATALOG_COMPILER_APPICON_NAME = AppIcon;
				ASSETCATALOG_COMPILER_GLOBAL_ACCENT_COLOR_NAME = AccentColor;
				CODE_SIGN_STYLE = Automatic;
				CURRENT_PROJECT_VERSION = 1;
				DEVELOPMENT_TEAM = YK4EK57EQ6;
				ENABLE_PREVIEWS = YES;
				GENERATE_INFOPLIST_FILE = YES;
				INFOPLIST_KEY_UIApplicationSceneManifest_Generation = YES;
				INFOPLIST_KEY_UIApplicationSupportsIndirectInputEvents = YES;
				INFOPLIST_KEY_UILaunchScreen_Generation = YES;
				INFOPLIST_KEY_UISupportedInterfaceOrientations_iPad = "UIInterfaceOrientationPortrait UIInterfaceOrientationPortraitUpsideDown UIInterfaceOrientationLandscapeLeft UIInterfaceOrientationLandscapeRight";
				INFOPLIST_KEY_UISupportedInterfaceOrientations_iPhone = "UIInterfaceOrientationPortrait UIInterfaceOrientationLandscapeLeft UIInterfaceOrientationLandscapeRight";
				IPHONEOS_DEPLOYMENT_TARGET = 15.2;
				LD_RUNPATH_SEARCH_PATHS = (
					"$(inherited)",
					"@executable_path/Frameworks",
				);
				MARKETING_VERSION = 1.0;
				PRODUCT_BUNDLE_IDENTIFIER = "com.hygraph.swift.with-swift-graphql";
				PRODUCT_NAME = "with-swift-graphql";
				SDKROOT = iphoneos;
				SWIFT_EMIT_LOC_STRINGS = YES;
				SWIFT_VERSION = 5.0;
				TARGETED_DEVICE_FAMILY = "1,2";
				VALIDATE_PRODUCT = YES;
			};
			name = Release;
		};
		C3738D23277BB48600AE8B00 /* Debug */ = {
			isa = XCBuildConfiguration;
			buildSettings = {
				ASSETCATALOG_COMPILER_APPICON_NAME = AppIcon;
				ASSETCATALOG_COMPILER_GLOBAL_ACCENT_COLOR_NAME = AccentColor;
				CODE_SIGN_ENTITLEMENTS = macOS/macOS.entitlements;
				CODE_SIGN_STYLE = Automatic;
				COMBINE_HIDPI_IMAGES = YES;
				CURRENT_PROJECT_VERSION = 1;
				DEVELOPMENT_TEAM = YK4EK57EQ6;
				ENABLE_HARDENED_RUNTIME = YES;
				ENABLE_PREVIEWS = YES;
				GENERATE_INFOPLIST_FILE = YES;
				INFOPLIST_KEY_NSHumanReadableCopyright = "";
				LD_RUNPATH_SEARCH_PATHS = (
					"$(inherited)",
					"@executable_path/../Frameworks",
				);
				MACOSX_DEPLOYMENT_TARGET = 11.6;
				MARKETING_VERSION = 1.0;
				PRODUCT_BUNDLE_IDENTIFIER = "com.hygraph.swift.with-swift-graphql";
				PRODUCT_NAME = "with-swift-graphql";
				SDKROOT = macosx;
				SWIFT_EMIT_LOC_STRINGS = YES;
				SWIFT_VERSION = 5.0;
			};
			name = Debug;
		};
		C3738D24277BB48600AE8B00 /* Release */ = {
			isa = XCBuildConfiguration;
			buildSettings = {
				ASSETCATALOG_COMPILER_APPICON_NAME = AppIcon;
				ASSETCATALOG_COMPILER_GLOBAL_ACCENT_COLOR_NAME = AccentColor;
				CODE_SIGN_ENTITLEMENTS = macOS/macOS.entitlements;
				CODE_SIGN_STYLE = Automatic;
				COMBINE_HIDPI_IMAGES = YES;
				CURRENT_PROJECT_VERSION = 1;
				DEVELOPMENT_TEAM = YK4EK57EQ6;
				ENABLE_HARDENED_RUNTIME = YES;
				ENABLE_PREVIEWS = YES;
				GENERATE_INFOPLIST_FILE = YES;
				INFOPLIST_KEY_NSHumanReadableCopyright = "";
				LD_RUNPATH_SEARCH_PATHS = (
					"$(inherited)",
					"@executable_path/../Frameworks",
				);
				MACOSX_DEPLOYMENT_TARGET = 11.6;
				MARKETING_VERSION = 1.0;
				PRODUCT_BUNDLE_IDENTIFIER = "com.hygraph.swift.with-swift-graphql";
				PRODUCT_NAME = "with-swift-graphql";
				SDKROOT = macosx;
				SWIFT_EMIT_LOC_STRINGS = YES;
				SWIFT_VERSION = 5.0;
			};
			name = Release;
		};
/* End XCBuildConfiguration section */

/* Begin XCConfigurationList section */
		C3738D05277BB48400AE8B00 /* Build configuration list for PBXProject "with-swift-graphql" */ = {
			isa = XCConfigurationList;
			buildConfigurations = (
				C3738D1D277BB48600AE8B00 /* Debug */,
				C3738D1E277BB48600AE8B00 /* Release */,
			);
			defaultConfigurationIsVisible = 0;
			defaultConfigurationName = Release;
		};
		C3738D1F277BB48600AE8B00 /* Build configuration list for PBXNativeTarget "with-swift-graphql (iOS)" */ = {
			isa = XCConfigurationList;
			buildConfigurations = (
				C3738D20277BB48600AE8B00 /* Debug */,
				C3738D21277BB48600AE8B00 /* Release */,
			);
			defaultConfigurationIsVisible = 0;
			defaultConfigurationName = Release;
		};
		C3738D22277BB48600AE8B00 /* Build configuration list for PBXNativeTarget "with-swift-graphql (macOS)" */ = {
			isa = XCConfigurationList;
			buildConfigurations = (
				C3738D23277BB48600AE8B00 /* Debug */,
				C3738D24277BB48600AE8B00 /* Release */,
			);
			defaultConfigurationIsVisible = 0;
			defaultConfigurationName = Release;
		};
/* End XCConfigurationList section */

/* Begin XCRemoteSwiftPackageReference section */
		C3738D47277BB58600AE8B00 /* XCRemoteSwiftPackageReference "swift-graphql" */ = {
			isa = XCRemoteSwiftPackageReference;
			repositoryURL = "https://github.com/maticzav/swift-graphql/";
			requirement = {
				kind = upToNextMajorVersion;
				minimumVersion = 2.0.0;
			};
		};
/* End XCRemoteSwiftPackageReference section */

/* Begin XCSwiftPackageProductDependency section */
		C34841D62789E05E00A66DD3 /* SwiftGraphQL */ = {
			isa = XCSwiftPackageProductDependency;
			package = C3738D47277BB58600AE8B00 /* XCRemoteSwiftPackageReference "swift-graphql" */;
			productName = SwiftGraphQL;
		};
		C3738D48277BB58600AE8B00 /* SwiftGraphQL */ = {
			isa = XCSwiftPackageProductDependency;
			package = C3738D47277BB58600AE8B00 /* XCRemoteSwiftPackageReference "swift-graphql" */;
			productName = SwiftGraphQL;
		};
/* End XCSwiftPackageProductDependency section */
	};
	rootObject = C3738D02277BB48400AE8B00 /* Project object */;
}
